// !$*UTF8*$!
{
	archiveVersion = 1;
	classes = {
	};
	objectVersion = 50;
	objects = {

/* Begin PBXBuildFile section */
		BF5F8BB626BAD1D8002CB598 /* MissionView.swift in Sources */ = {isa = PBXBuildFile; fileRef = BF5F8BB526BAD1D8002CB598 /* MissionView.swift */; };
		BF5F8BB826BAD7C6002CB598 /* AstronautView.swift in Sources */ = {isa = PBXBuildFile; fileRef = BF5F8BB726BAD7C6002CB598 /* AstronautView.swift */; };
		BF9BD4E726B438EF003EE3C7 /* MoonshotApp.swift in Sources */ = {isa = PBXBuildFile; fileRef = BF9BD4E626B438EF003EE3C7 /* MoonshotApp.swift */; };
		BF9BD4E926B438EF003EE3C7 /* ContentView.swift in Sources */ = {isa = PBXBuildFile; fileRef = BF9BD4E826B438EF003EE3C7 /* ContentView.swift */; };
		BF9BD4EB26B438F1003EE3C7 /* Assets.xcassets in Resources */ = {isa = PBXBuildFile; fileRef = BF9BD4EA26B438F1003EE3C7 /* Assets.xcassets */; };
		BF9BD4EE26B438F1003EE3C7 /* Preview Assets.xcassets in Resources */ = {isa = PBXBuildFile; fileRef = BF9BD4ED26B438F1003EE3C7 /* Preview Assets.xcassets */; };
		BF9BD4F726B4436A003EE3C7 /* missions.json in Resources */ = {isa = PBXBuildFile; fileRef = BF9BD4F526B4436A003EE3C7 /* missions.json */; };
		BF9BD4F826B4436A003EE3C7 /* astronauts.json in Resources */ = {isa = PBXBuildFile; fileRef = BF9BD4F626B4436A003EE3C7 /* astronauts.json */; };
		BF9BD4FA26B443B8003EE3C7 /* Astronaut.swift in Sources */ = {isa = PBXBuildFile; fileRef = BF9BD4F926B443B8003EE3C7 /* Astronaut.swift */; };
		BF9BD4FC26B4440F003EE3C7 /* Bundle-Decodable.swift in Sources */ = {isa = PBXBuildFile; fileRef = BF9BD4FB26B4440F003EE3C7 /* Bundle-Decodable.swift */; };
		BF9BD4FE26B44551003EE3C7 /* Mission.swift in Sources */ = {isa = PBXBuildFile; fileRef = BF9BD4FD26B44551003EE3C7 /* Mission.swift */; };
/* End PBXBuildFile section */

/* Begin PBXFileReference section */
		BF5F8BB526BAD1D8002CB598 /* MissionView.swift */ = {isa = PBXFileReference; lastKnownFileType = sourcecode.swift; path = MissionView.swift; sourceTree = "<group>"; };
		BF5F8BB726BAD7C6002CB598 /* AstronautView.swift */ = {isa = PBXFileReference; lastKnownFileType = sourcecode.swift; path = AstronautView.swift; sourceTree = "<group>"; };
		BF9BD4E326B438EF003EE3C7 /* Moonshot.app */ = {isa = PBXFileReference; explicitFileType = wrapper.application; includeInIndex = 0; path = Moonshot.app; sourceTree = BUILT_PRODUCTS_DIR; };
		BF9BD4E626B438EF003EE3C7 /* MoonshotApp.swift */ = {isa = PBXFileReference; lastKnownFileType = sourcecode.swift; path = MoonshotApp.swift; sourceTree = "<group>"; };
		BF9BD4E826B438EF003EE3C7 /* ContentView.swift */ = {isa = PBXFileReference; lastKnownFileType = sourcecode.swift; path = ContentView.swift; sourceTree = "<group>"; };
		BF9BD4EA26B438F1003EE3C7 /* Assets.xcassets */ = {isa = PBXFileReference; lastKnownFileType = folder.assetcatalog; path = Assets.xcassets; sourceTree = "<group>"; };
		BF9BD4ED26B438F1003EE3C7 /* Preview Assets.xcassets */ = {isa = PBXFileReference; lastKnownFileType = folder.assetcatalog; path = "Preview Assets.xcassets"; sourceTree = "<group>"; };
		BF9BD4EF26B438F1003EE3C7 /* Info.plist */ = {isa = PBXFileReference; lastKnownFileType = text.plist.xml; path = Info.plist; sourceTree = "<group>"; };
		BF9BD4F526B4436A003EE3C7 /* missions.json */ = {isa = PBXFileReference; fileEncoding = 4; lastKnownFileType = text.json; path = missions.json; sourceTree = "<group>"; };
		BF9BD4F626B4436A003EE3C7 /* astronauts.json */ = {isa = PBXFileReference; fileEncoding = 4; lastKnownFileType = text.json; path = astronauts.json; sourceTree = "<group>"; };
		BF9BD4F926B443B8003EE3C7 /* Astronaut.swift */ = {isa = PBXFileReference; lastKnownFileType = sourcecode.swift; path = Astronaut.swift; sourceTree = "<group>"; };
		BF9BD4FB26B4440F003EE3C7 /* Bundle-Decodable.swift */ = {isa = PBXFileReference; lastKnownFileType = sourcecode.swift; path = "Bundle-Decodable.swift"; sourceTree = "<group>"; };
		BF9BD4FD26B44551003EE3C7 /* Mission.swift */ = {isa = PBXFileReference; lastKnownFileType = sourcecode.swift; path = Mission.swift; sourceTree = "<group>"; };
/* End PBXFileReference section */

/* Begin PBXFrameworksBuildPhase section */
		BF9BD4E026B438EF003EE3C7 /* Frameworks */ = {
			isa = PBXFrameworksBuildPhase;
			buildActionMask = 2147483647;
			files = (
			);
			runOnlyForDeploymentPostprocessing = 0;
		};
/* End PBXFrameworksBuildPhase section */

/* Begin PBXGroup section */
		BF9BD4DA26B438EE003EE3C7 = {
			isa = PBXGroup;
			children = (
				BF9BD4E526B438EF003EE3C7 /* Moonshot */,
				BF9BD4E426B438EF003EE3C7 /* Products */,
			);
			sourceTree = "<group>";
		};
		BF9BD4E426B438EF003EE3C7 /* Products */ = {
			isa = PBXGroup;
			children = (
				BF9BD4E326B438EF003EE3C7 /* Moonshot.app */,
			);
			name = Products;
			sourceTree = "<group>";
		};
		BF9BD4E526B438EF003EE3C7 /* Moonshot */ = {
			isa = PBXGroup;
			children = (
				BF9BD4E626B438EF003EE3C7 /* MoonshotApp.swift */,
				BF9BD4E826B438EF003EE3C7 /* ContentView.swift */,
				BF5F8BB526BAD1D8002CB598 /* MissionView.swift */,
				BF5F8BB726BAD7C6002CB598 /* AstronautView.swift */,
				BF9BD4F926B443B8003EE3C7 /* Astronaut.swift */,
				BF9BD4FD26B44551003EE3C7 /* Mission.swift */,
				BF9BD4FB26B4440F003EE3C7 /* Bundle-Decodable.swift */,
				BF9BD4EF26B438F1003EE3C7 /* Info.plist */,
				BF9BD4EA26B438F1003EE3C7 /* Assets.xcassets */,
				BF9BD4F626B4436A003EE3C7 /* astronauts.json */,
				BF9BD4F526B4436A003EE3C7 /* missions.json */,
				BF9BD4EC26B438F1003EE3C7 /* Preview Content */,
			);
			path = Moonshot;
			sourceTree = "<group>";
		};
		BF9BD4EC26B438F1003EE3C7 /* Preview Content */ = {
			isa = PBXGroup;
			children = (
				BF9BD4ED26B438F1003EE3C7 /* Preview Assets.xcassets */,
			);
			path = "Preview Content";
			sourceTree = "<group>";
		};
/* End PBXGroup section */

/* Begin PBXNativeTarget section */
		BF9BD4E226B438EF003EE3C7 /* Moonshot */ = {
			isa = PBXNativeTarget;
			buildConfigurationList = BF9BD4F226B438F1003EE3C7 /* Build configuration list for PBXNativeTarget "Moonshot" */;
			buildPhases = (
				BF9BD4DF26B438EF003EE3C7 /* Sources */,
				BF9BD4E026B438EF003EE3C7 /* Frameworks */,
				BF9BD4E126B438EF003EE3C7 /* Resources */,
			);
			buildRules = (
			);
			dependencies = (
			);
			name = Moonshot;
			productName = Moonshot;
			productReference = BF9BD4E326B438EF003EE3C7 /* Moonshot.app */;
			productType = "com.apple.product-type.application";
		};
/* End PBXNativeTarget section */

/* Begin PBXProject section */
		BF9BD4DB26B438EE003EE3C7 /* Project object */ = {
			isa = PBXProject;
			attributes = {
				LastSwiftUpdateCheck = 1250;
				LastUpgradeCheck = 1250;
				TargetAttributes = {
					BF9BD4E226B438EF003EE3C7 = {
						CreatedOnToolsVersion = 12.5.1;
					};
				};
			};
			buildConfigurationList = BF9BD4DE26B438EE003EE3C7 /* Build configuration list for PBXProject "Moonshot" */;
			compatibilityVersion = "Xcode 9.3";
			developmentRegion = en;
			hasScannedForEncodings = 0;
			knownRegions = (
				en,
				Base,
			);
			mainGroup = BF9BD4DA26B438EE003EE3C7;
			productRefGroup = BF9BD4E426B438EF003EE3C7 /* Products */;
			projectDirPath = "";
			projectRoot = "";
			targets = (
				BF9BD4E226B438EF003EE3C7 /* Moonshot */,
			);
		};
/* End PBXProject section */

/* Begin PBXResourcesBuildPhase section */
		BF9BD4E126B438EF003EE3C7 /* Resources */ = {
			isa = PBXResourcesBuildPhase;
			buildActionMask = 2147483647;
			files = (
				BF9BD4EE26B438F1003EE3C7 /* Preview Assets.xcassets in Resources */,
				BF9BD4F726B4436A003EE3C7 /* missions.json in Resources */,
				BF9BD4EB26B438F1003EE3C7 /* Assets.xcassets in Resources */,
				BF9BD4F826B4436A003EE3C7 /* astronauts.json in Resources */,
			);
			runOnlyForDeploymentPostprocessing = 0;
		};
/* End PBXResourcesBuildPhase section */

/* Begin PBXSourcesBuildPhase section */
		BF9BD4DF26B438EF003EE3C7 /* Sources */ = {
			isa = PBXSourcesBuildPhase;
			buildActionMask = 2147483647;
			files = (
				BF5F8BB826BAD7C6002CB598 /* AstronautView.swift in Sources */,
				BF9BD4FA26B443B8003EE3C7 /* Astronaut.swift in Sources */,
				BF9BD4E926B438EF003EE3C7 /* ContentView.swift in Sources */,
				BF9BD4E726B438EF003EE3C7 /* MoonshotApp.swift in Sources */,
				BF9BD4FE26B44551003EE3C7 /* Mission.swift in Sources */,
				BF9BD4FC26B4440F003EE3C7 /* Bundle-Decodable.swift in Sources */,
				BF5F8BB626BAD1D8002CB598 /* MissionView.swift in Sources */,
			);
			runOnlyForDeploymentPostprocessing = 0;
		};
/* End PBXSourcesBuildPhase section */

/* Begin XCBuildConfiguration section */
		BF9BD4F026B438F1003EE3C7 /* Debug */ = {
			isa = XCBuildConfiguration;
			buildSettings = {
				ALWAYS_SEARCH_USER_PATHS = NO;
				CLANG_ANALYZER_NONNULL = YES;
				CLANG_ANALYZER_NUMBER_OBJECT_CONVERSION = YES_AGGRESSIVE;
				CLANG_CXX_LANGUAGE_STANDARD = "gnu++14";
				CLANG_CXX_LIBRARY = "libc++";
				CLANG_ENABLE_MODULES = YES;
				CLANG_ENABLE_OBJC_ARC = YES;
				CLANG_ENABLE_OBJC_WEAK = YES;
				CLANG_WARN_BLOCK_CAPTURE_AUTORELEASING = YES;
				CLANG_WARN_BOOL_CONVERSION = YES;
				CLANG_WARN_COMMA = YES;
				CLANG_WARN_CONSTANT_CONVERSION = YES;
				CLANG_WARN_DEPRECATED_OBJC_IMPLEMENTATIONS = YES;
				CLANG_WARN_DIRECT_OBJC_ISA_USAGE = YES_ERROR;
				CLANG_WARN_DOCUMENTATION_COMMENTS = YES;
				CLANG_WARN_EMPTY_BODY = YES;
				CLANG_WARN_ENUM_CONVERSION = YES;
				CLANG_WARN_INFINITE_RECURSION = YES;
				CLANG_WARN_INT_CONVERSION = YES;
				CLANG_WARN_NON_LITERAL_NULL_CONVERSION = YES;
				CLANG_WARN_OBJC_IMPLICIT_RETAIN_SELF = YES;
				CLANG_WARN_OBJC_LITERAL_CONVERSION = YES;
				CLANG_WARN_OBJC_ROOT_CLASS = YES_ERROR;
				CLANG_WARN_QUOTED_INCLUDE_IN_FRAMEWORK_HEADER = YES;
				CLANG_WARN_RANGE_LOOP_ANALYSIS = YES;
				CLANG_WARN_STRICT_PROTOTYPES = YES;
				CLANG_WARN_SUSPICIOUS_MOVE = YES;
				CLANG_WARN_UNGUARDED_AVAILABILITY = YES_AGGRESSIVE;
				CLANG_WARN_UNREACHABLE_CODE = YES;
				CLANG_WARN__DUPLICATE_METHOD_MATCH = YES;
				COPY_PHASE_STRIP = NO;
				DEBUG_INFORMATION_FORMAT = dwarf;
				ENABLE_STRICT_OBJC_MSGSEND = YES;
				ENABLE_TESTABILITY = YES;
				GCC_C_LANGUAGE_STANDARD = gnu11;
				GCC_DYNAMIC_NO_PIC = NO;
				GCC_NO_COMMON_BLOCKS = YES;
				GCC_OPTIMIZATION_LEVEL = 0;
				GCC_PREPROCESSOR_DEFINITIONS = (
					"DEBUG=1",
					"$(inherited)",
				);
				GCC_WARN_64_TO_32_BIT_CONVERSION = YES;
				GCC_WARN_ABOUT_RETURN_TYPE = YES_ERROR;
				GCC_WARN_UNDECLARED_SELECTOR = YES;
				GCC_WARN_UNINITIALIZED_AUTOS = YES_AGGRESSIVE;
				GCC_WARN_UNUSED_FUNCTION = YES;
				GCC_WARN_UNUSED_VARIABLE = YES;
				IPHONEOS_DEPLOYMENT_TARGET = 14.5;
				MTL_ENABLE_DEBUG_INFO = INCLUDE_SOURCE;
				MTL_FAST_MATH = YES;
				ONLY_ACTIVE_ARCH = YES;
				SDKROOT = iphoneos;
				SWIFT_ACTIVE_COMPILATION_CONDITIONS = DEBUG;
				SWIFT_OPTIMIZATION_LEVEL = "-Onone";
			};
			name = Debug;
		};
		BF9BD4F126B438F1003EE3C7 /* Release */ = {
			isa = XCBuildConfiguration;
			buildSettings = {
				ALWAYS_SEARCH_USER_PATHS = NO;
				CLANG_ANALYZER_NONNULL = YES;
				CLANG_ANALYZER_NUMBER_OBJECT_CONVERSION = YES_AGGRESSIVE;
				CLANG_CXX_LANGUAGE_STANDARD = "gnu++14";
				CLANG_CXX_LIBRARY = "libc++";
				CLANG_ENABLE_MODULES = YES;
				CLANG_ENABLE_OBJC_ARC = YES;
				CLANG_ENABLE_OBJC_WEAK = YES;
				CLANG_WARN_BLOCK_CAPTURE_AUTORELEASING = YES;
				CLANG_WARN_BOOL_CONVERSION = YES;
				CLANG_WARN_COMMA = YES;
				CLANG_WARN_CONSTANT_CONVERSION = YES;
				CLANG_WARN_DEPRECATED_OBJC_IMPLEMENTATIONS = YES;
				CLANG_WARN_DIRECT_OBJC_ISA_USAGE = YES_ERROR;
				CLANG_WARN_DOCUMENTATION_COMMENTS = YES;
				CLANG_WARN_EMPTY_BODY = YES;
				CLANG_WARN_ENUM_CONVERSION = YES;
				CLANG_WARN_INFINITE_RECURSION = YES;
				CLANG_WARN_INT_CONVERSION = YES;
				CLANG_WARN_NON_LITERAL_NULL_CONVERSION = YES;
				CLANG_WARN_OBJC_IMPLICIT_RETAIN_SELF = YES;
				CLANG_WARN_OBJC_LITERAL_CONVERSION = YES;
				CLANG_WARN_OBJC_ROOT_CLASS = YES_ERROR;
				CLANG_WARN_QUOTED_INCLUDE_IN_FRAMEWORK_HEADER = YES;
				CLANG_WARN_RANGE_LOOP_ANALYSIS = YES;
				CLANG_WARN_STRICT_PROTOTYPES = YES;
				CLANG_WARN_SUSPICIOUS_MOVE = YES;
				CLANG_WARN_UNGUARDED_AVAILABILITY = YES_AGGRESSIVE;
				CLANG_WARN_UNREACHABLE_CODE = YES;
				CLANG_WARN__DUPLICATE_METHOD_MATCH = YES;
				COPY_PHASE_STRIP = NO;
				DEBUG_INFORMATION_FORMAT = "dwarf-with-dsym";
				ENABLE_NS_ASSERTIONS = NO;
				ENABLE_STRICT_OBJC_MSGSEND = YES;
				GCC_C_LANGUAGE_STANDARD = gnu11;
				GCC_NO_COMMON_BLOCKS = YES;
				GCC_WARN_64_TO_32_BIT_CONVERSION = YES;
				GCC_WARN_ABOUT_RETURN_TYPE = YES_ERROR;
				GCC_WARN_UNDECLARED_SELECTOR = YES;
				GCC_WARN_UNINITIALIZED_AUTOS = YES_AGGRESSIVE;
				GCC_WARN_UNUSED_FUNCTION = YES;
				GCC_WARN_UNUSED_VARIABLE = YES;
				IPHONEOS_DEPLOYMENT_TARGET = 14.5;
				MTL_ENABLE_DEBUG_INFO = NO;
				MTL_FAST_MATH = YES;
				SDKROOT = iphoneos;
				SWIFT_COMPILATION_MODE = wholemodule;
				SWIFT_OPTIMIZATION_LEVEL = "-O";
				VALIDATE_PRODUCT = YES;
			};
			name = Release;
		};
		BF9BD4F326B438F1003EE3C7 /* Debug */ = {
			isa = XCBuildConfiguration;
			buildSettings = {
				ASSETCATALOG_COMPILER_APPICON_NAME = AppIcon;
				ASSETCATALOG_COMPILER_GLOBAL_ACCENT_COLOR_NAME = AccentColor;
				CODE_SIGN_STYLE = Automatic;
				DEVELOPMENT_ASSET_PATHS = "\"Moonshot/Preview Content\"";
				DEVELOPMENT_TEAM = U23RZZ7M6L;
				ENABLE_PREVIEWS = YES;
				INFOPLIST_FILE = Moonshot/Info.plist;
				IPHONEOS_DEPLOYMENT_TARGET = 14.0;
				LD_RUNPATH_SEARCH_PATHS = (
					"$(inherited)",
					"@executable_path/Frameworks",
				);
				PRODUCT_BUNDLE_IDENTIFIER = Michael.Novosad.Moonshot;
				PRODUCT_NAME = "$(TARGET_NAME)";
				SWIFT_VERSION = 5.0;
				TARGETED_DEVICE_FAMILY = "1,2";
			};
			name = Debug;
		};
		BF9BD4F426B438F1003EE3C7 /* Release */ = {
			isa = XCBuildConfiguration;
			buildSettings = {
				ASSETCATALOG_COMPILER_APPICON_NAME = AppIcon;
				ASSETCATALOG_COMPILER_GLOBAL_ACCENT_COLOR_NAME = AccentColor;
				CODE_SIGN_STYLE = Automatic;
				DEVELOPMENT_ASSET_PATHS = "\"Moonshot/Preview Content\"";
				DEVELOPMENT_TEAM = U23RZZ7M6L;
				ENABLE_PREVIEWS = YES;
				INFOPLIST_FILE = Moonshot/Info.plist;
				IPHONEOS_DEPLOYMENT_TARGET = 14.0;
				LD_RUNPATH_SEARCH_PATHS = (
					"$(inherited)",
					"@executable_path/Frameworks",
				);
				PRODUCT_BUNDLE_IDENTIFIER = Michael.Novosad.Moonshot;
				PRODUCT_NAME = "$(TARGET_NAME)";
				SWIFT_VERSION = 5.0;
				TARGETED_DEVICE_FAMILY = "1,2";
			};
			name = Release;
		};
/* End XCBuildConfiguration section */

/* Begin XCConfigurationList section */
		BF9BD4DE26B438EE003EE3C7 /* Build configuration list for PBXProject "Moonshot" */ = {
			isa = XCConfigurationList;
			buildConfigurations = (
				BF9BD4F026B438F1003EE3C7 /* Debug */,
				BF9BD4F126B438F1003EE3C7 /* Release */,
			);
			defaultConfigurationIsVisible = 0;
			defaultConfigurationName = Release;
		};
		BF9BD4F226B438F1003EE3C7 /* Build configuration list for PBXNativeTarget "Moonshot" */ = {
			isa = XCConfigurationList;
			buildConfigurations = (
				BF9BD4F326B438F1003EE3C7 /* Debug */,
				BF9BD4F426B438F1003EE3C7 /* Release */,
			);
			defaultConfigurationIsVisible = 0;
			defaultConfigurationName = Release;
		};
/* End XCConfigurationList section */
	};
	rootObject = BF9BD4DB26B438EE003EE3C7 /* Project object */;
}
